// !$*UTF8*$!
{
	archiveVersion = 1;
	classes = {
	};
	objectVersion = 46;
	objects = {

/* Begin PBXBuildFile section */
		46DE638C16F6BD8200543B3C /* UIKit.framework in Frameworks */ = {isa = PBXBuildFile; fileRef = 46DE638B16F6BD8200543B3C /* UIKit.framework */; };
		46DE638E16F6BD8200543B3C /* Foundation.framework in Frameworks */ = {isa = PBXBuildFile; fileRef = 46DE638D16F6BD8200543B3C /* Foundation.framework */; };
		46DE639016F6BD8200543B3C /* CoreGraphics.framework in Frameworks */ = {isa = PBXBuildFile; fileRef = 46DE638F16F6BD8200543B3C /* CoreGraphics.framework */; };
		46DE639616F6BD8200543B3C /* InfoPlist.strings in Resources */ = {isa = PBXBuildFile; fileRef = 46DE639416F6BD8200543B3C /* InfoPlist.strings */; };
		46DE639816F6BD8200543B3C /* main.m in Sources */ = {isa = PBXBuildFile; fileRef = 46DE639716F6BD8200543B3C /* main.m */; };
		46DE639C16F6BD8200543B3C /* FlipAppDelegate.m in Sources */ = {isa = PBXBuildFile; fileRef = 46DE639B16F6BD8200543B3C /* FlipAppDelegate.m */; };
		46DE639E16F6BD8200543B3C /* Default.png in Resources */ = {isa = PBXBuildFile; fileRef = 46DE639D16F6BD8200543B3C /* Default.png */; };
		46DE63A016F6BD8300543B3C /* Default@2x.png in Resources */ = {isa = PBXBuildFile; fileRef = 46DE639F16F6BD8300543B3C /* Default@2x.png */; };
		46DE63A216F6BD8300543B3C /* Default-568h@2x.png in Resources */ = {isa = PBXBuildFile; fileRef = 46DE63A116F6BD8300543B3C /* Default-568h@2x.png */; };
		46DE63A516F6BD8300543B3C /* MainStoryboard.storyboard in Resources */ = {isa = PBXBuildFile; fileRef = 46DE63A316F6BD8300543B3C /* MainStoryboard.storyboard */; };
		46DE63A816F6BD8300543B3C /* FlipViewController.m in Sources */ = {isa = PBXBuildFile; fileRef = 46DE63A716F6BD8300543B3C /* FlipViewController.m */; };
/* End PBXBuildFile section */

/* Begin PBXFileReference section */
		46DE638716F6BD8200543B3C /* PhoneFlip.app */ = {isa = PBXFileReference; explicitFileType = wrapper.application; includeInIndex = 0; path = PhoneFlip.app; sourceTree = BUILT_PRODUCTS_DIR; };
		46DE638B16F6BD8200543B3C /* UIKit.framework */ = {isa = PBXFileReference; lastKnownFileType = wrapper.framework; name = UIKit.framework; path = System/Library/Frameworks/UIKit.framework; sourceTree = SDKROOT; };
		46DE638D16F6BD8200543B3C /* Foundation.framework */ = {isa = PBXFileReference; lastKnownFileType = wrapper.framework; name = Foundation.framework; path = System/Library/Frameworks/Foundation.framework; sourceTree = SDKROOT; };
		46DE638F16F6BD8200543B3C /* CoreGraphics.framework */ = {isa = PBXFileReference; lastKnownFileType = wrapper.framework; name = CoreGraphics.framework; path = System/Library/Frameworks/CoreGraphics.framework; sourceTree = SDKROOT; };
		46DE639316F6BD8200543B3C /* PhoneFlip-Info.plist */ = {isa = PBXFileReference; lastKnownFileType = text.plist.xml; path = "PhoneFlip-Info.plist"; sourceTree = "<group>"; };
		46DE639516F6BD8200543B3C /* en */ = {isa = PBXFileReference; lastKnownFileType = text.plist.strings; name = en; path = en.lproj/InfoPlist.strings; sourceTree = "<group>"; };
		46DE639716F6BD8200543B3C /* main.m */ = {isa = PBXFileReference; lastKnownFileType = sourcecode.c.objc; path = main.m; sourceTree = "<group>"; };
		46DE639916F6BD8200543B3C /* PhoneFlip-Prefix.pch */ = {isa = PBXFileReference; lastKnownFileType = sourcecode.c.h; path = "PhoneFlip-Prefix.pch"; sourceTree = "<group>"; };
		46DE639A16F6BD8200543B3C /* FlipAppDelegate.h */ = {isa = PBXFileReference; lastKnownFileType = sourcecode.c.h; path = FlipAppDelegate.h; sourceTree = "<group>"; };
		46DE639B16F6BD8200543B3C /* FlipAppDelegate.m */ = {isa = PBXFileReference; lastKnownFileType = sourcecode.c.objc; path = FlipAppDelegate.m; sourceTree = "<group>"; };
		46DE639D16F6BD8200543B3C /* Default.png */ = {isa = PBXFileReference; lastKnownFileType = image.png; path = Default.png; sourceTree = "<group>"; };
		46DE639F16F6BD8300543B3C /* Default@2x.png */ = {isa = PBXFileReference; lastKnownFileType = image.png; path = "Default@2x.png"; sourceTree = "<group>"; };
		46DE63A116F6BD8300543B3C /* Default-568h@2x.png */ = {isa = PBXFileReference; lastKnownFileType = image.png; path = "Default-568h@2x.png"; sourceTree = "<group>"; };
		46DE63A416F6BD8300543B3C /* en */ = {isa = PBXFileReference; lastKnownFileType = file.storyboard; name = en; path = en.lproj/MainStoryboard.storyboard; sourceTree = "<group>"; };
		46DE63A616F6BD8300543B3C /* FlipViewController.h */ = {isa = PBXFileReference; lastKnownFileType = sourcecode.c.h; path = FlipViewController.h; sourceTree = "<group>"; };
		46DE63A716F6BD8300543B3C /* FlipViewController.m */ = {isa = PBXFileReference; lastKnownFileType = sourcecode.c.objc; path = FlipViewController.m; sourceTree = "<group>"; };
/* End PBXFileReference section */

/* Begin PBXFrameworksBuildPhase section */
		46DE638416F6BD8200543B3C /* Frameworks */ = {
			isa = PBXFrameworksBuildPhase;
			buildActionMask = 2147483647;
			files = (
				46DE638C16F6BD8200543B3C /* UIKit.framework in Frameworks */,
				46DE638E16F6BD8200543B3C /* Foundation.framework in Frameworks */,
				46DE639016F6BD8200543B3C /* CoreGraphics.framework in Frameworks */,
			);
			runOnlyForDeploymentPostprocessing = 0;
		};
/* End PBXFrameworksBuildPhase section */

/* Begin PBXGroup section */
		46DE637C16F6BD8200543B3C = {
			isa = PBXGroup;
			children = (
				46DE639116F6BD8200543B3C /* PhoneFlip */,
				46DE638A16F6BD8200543B3C /* Frameworks */,
				46DE638816F6BD8200543B3C /* Products */,
			);
			sourceTree = "<group>";
		};
		46DE638816F6BD8200543B3C /* Products */ = {
			isa = PBXGroup;
			children = (
				46DE638716F6BD8200543B3C /* PhoneFlip.app */,
			);
			name = Products;
			sourceTree = "<group>";
		};
		46DE638A16F6BD8200543B3C /* Frameworks */ = {
			isa = PBXGroup;
			children = (
				46DE638B16F6BD8200543B3C /* UIKit.framework */,
				46DE638D16F6BD8200543B3C /* Foundation.framework */,
				46DE638F16F6BD8200543B3C /* CoreGraphics.framework */,
			);
			name = Frameworks;
			sourceTree = "<group>";
		};
		46DE639116F6BD8200543B3C /* PhoneFlip */ = {
			isa = PBXGroup;
			children = (
				46DE639A16F6BD8200543B3C /* FlipAppDelegate.h */,
				46DE639B16F6BD8200543B3C /* FlipAppDelegate.m */,
				46DE63A316F6BD8300543B3C /* MainStoryboard.storyboard */,
				46DE63A616F6BD8300543B3C /* FlipViewController.h */,
				46DE63A716F6BD8300543B3C /* FlipViewController.m */,
				46DE639216F6BD8200543B3C /* Supporting Files */,
			);
			path = PhoneFlip;
			sourceTree = "<group>";
		};
		46DE639216F6BD8200543B3C /* Supporting Files */ = {
			isa = PBXGroup;
			children = (
				46DE639316F6BD8200543B3C /* PhoneFlip-Info.plist */,
				46DE639416F6BD8200543B3C /* InfoPlist.strings */,
				46DE639716F6BD8200543B3C /* main.m */,
				46DE639916F6BD8200543B3C /* PhoneFlip-Prefix.pch */,
				46DE639D16F6BD8200543B3C /* Default.png */,
				46DE639F16F6BD8300543B3C /* Default@2x.png */,
				46DE63A116F6BD8300543B3C /* Default-568h@2x.png */,
			);
			name = "Supporting Files";
			sourceTree = "<group>";
		};
/* End PBXGroup section */

/* Begin PBXNativeTarget section */
		46DE638616F6BD8200543B3C /* PhoneFlip */ = {
			isa = PBXNativeTarget;
			buildConfigurationList = 46DE63AB16F6BD8300543B3C /* Build configuration list for PBXNativeTarget "PhoneFlip" */;
			buildPhases = (
				46DE638316F6BD8200543B3C /* Sources */,
				46DE638416F6BD8200543B3C /* Frameworks */,
				46DE638516F6BD8200543B3C /* Resources */,
			);
			buildRules = (
			);
			dependencies = (
			);
			name = PhoneFlip;
			productName = PhoneFlip;
			productReference = 46DE638716F6BD8200543B3C /* PhoneFlip.app */;
			productType = "com.apple.product-type.application";
		};
/* End PBXNativeTarget section */

/* Begin PBXProject section */
		46DE637E16F6BD8200543B3C /* Project object */ = {
			isa = PBXProject;
			attributes = {
				CLASSPREFIX = Flip;
				LastUpgradeCheck = 0450;
				ORGANIZATIONNAME = GOA;
			};
			buildConfigurationList = 46DE638116F6BD8200543B3C /* Build configuration list for PBXProject "PhoneFlip" */;
			compatibilityVersion = "Xcode 3.2";
			developmentRegion = English;
			hasScannedForEncodings = 0;
			knownRegions = (
				en,
			);
			mainGroup = 46DE637C16F6BD8200543B3C;
			productRefGroup = 46DE638816F6BD8200543B3C /* Products */;
			projectDirPath = "";
			projectRoot = "";
			targets = (
				46DE638616F6BD8200543B3C /* PhoneFlip */,
			);
		};
/* End PBXProject section */

/* Begin PBXResourcesBuildPhase section */
		46DE638516F6BD8200543B3C /* Resources */ = {
			isa = PBXResourcesBuildPhase;
			buildActionMask = 2147483647;
			files = (
				46DE639616F6BD8200543B3C /* InfoPlist.strings in Resources */,
				46DE639E16F6BD8200543B3C /* Default.png in Resources */,
				46DE63A016F6BD8300543B3C /* Default@2x.png in Resources */,
				46DE63A216F6BD8300543B3C /* Default-568h@2x.png in Resources */,
				46DE63A516F6BD8300543B3C /* MainStoryboard.storyboard in Resources */,
			);
			runOnlyForDeploymentPostprocessing = 0;
		};
/* End PBXResourcesBuildPhase section */

/* Begin PBXSourcesBuildPhase section */
		46DE638316F6BD8200543B3C /* Sources */ = {
			isa = PBXSourcesBuildPhase;
			buildActionMask = 2147483647;
			files = (
				46DE639816F6BD8200543B3C /* main.m in Sources */,
				46DE639C16F6BD8200543B3C /* FlipAppDelegate.m in Sources */,
				46DE63A816F6BD8300543B3C /* FlipViewController.m in Sources */,
			);
			runOnlyForDeploymentPostprocessing = 0;
		};
/* End PBXSourcesBuildPhase section */

/* Begin PBXVariantGroup section */
		46DE639416F6BD8200543B3C /* InfoPlist.strings */ = {
			isa = PBXVariantGroup;
			children = (
				46DE639516F6BD8200543B3C /* en */,
			);
			name = InfoPlist.strings;
			sourceTree = "<group>";
		};
		46DE63A316F6BD8300543B3C /* MainStoryboard.storyboard */ = {
			isa = PBXVariantGroup;
			children = (
				46DE63A416F6BD8300543B3C /* en */,
			);
			name = MainStoryboard.storyboard;
			sourceTree = "<group>";
		};
/* End PBXVariantGroup section */

/* Begin XCBuildConfiguration section */
		46DE63A916F6BD8300543B3C /* Debug */ = {
			isa = XCBuildConfiguration;
			buildSettings = {
				ALWAYS_SEARCH_USER_PATHS = NO;
				CLANG_CXX_LANGUAGE_STANDARD = "gnu++0x";
				CLANG_CXX_LIBRARY = "libc++";
				CLANG_ENABLE_OBJC_ARC = YES;
				CLANG_WARN_EMPTY_BODY = YES;
				CLANG_WARN__DUPLICATE_METHOD_MATCH = YES;
				"CODE_SIGN_IDENTITY[sdk=iphoneos*]" = "iPhone Developer";
				COPY_PHASE_STRIP = NO;
				GCC_C_LANGUAGE_STANDARD = gnu99;
				GCC_DYNAMIC_NO_PIC = NO;
				GCC_OPTIMIZATION_LEVEL = 0;
				GCC_PREPROCESSOR_DEFINITIONS = (
					"DEBUG=1",
					"$(inherited)",
				);
				GCC_SYMBOLS_PRIVATE_EXTERN = NO;
				GCC_WARN_ABOUT_RETURN_TYPE = YES;
				GCC_WARN_UNINITIALIZED_AUTOS = YES;
				GCC_WARN_UNUSED_VARIABLE = YES;
				IPHONEOS_DEPLOYMENT_TARGET = 6.0;
				ONLY_ACTIVE_ARCH = YES;
				SDKROOT = iphoneos;
			};
			name = Debug;
		};
		46DE63AA16F6BD8300543B3C /* Release */ = {
			isa = XCBuildConfiguration;
			buildSettings = {
				ALWAYS_SEARCH_USER_PATHS = NO;
				CLANG_CXX_LANGUAGE_STANDARD = "gnu++0x";
				CLANG_CXX_LIBRARY = "libc++";
				CLANG_ENABLE_OBJC_ARC = YES;
				CLANG_WARN_EMPTY_BODY = YES;
				CLANG_WARN__DUPLICATE_METHOD_MATCH = YES;
				"CODE_SIGN_IDENTITY[sdk=iphoneos*]" = "iPhone Developer";
				COPY_PHASE_STRIP = YES;
				GCC_C_LANGUAGE_STANDARD = gnu99;
				GCC_WARN_ABOUT_RETURN_TYPE = YES;
				GCC_WARN_UNINITIALIZED_AUTOS = YES;
				GCC_WARN_UNUSED_VARIABLE = YES;
				IPHONEOS_DEPLOYMENT_TARGET = 6.0;
				OTHER_CFLAGS = "-DNS_BLOCK_ASSERTIONS=1";
				SDKROOT = iphoneos;
				VALIDATE_PRODUCT = YES;
			};
			name = Release;
		};
		46DE63AC16F6BD8300543B3C /* Debug */ = {
			isa = XCBuildConfiguration;
			buildSettings = {
				GCC_PRECOMPILE_PREFIX_HEADER = YES;
				GCC_PREFIX_HEADER = "PhoneFlip/PhoneFlip-Prefix.pch";
				INFOPLIST_FILE = "PhoneFlip/PhoneFlip-Info.plist";
				PRODUCT_NAME = "$(TARGET_NAME)";
				WRAPPER_EXTENSION = app;
			};
			name = Debug;
		};
		46DE63AD16F6BD8300543B3C /* Release */ = {
			isa = XCBuildConfiguration;
			buildSettings = {
				GCC_PRECOMPILE_PREFIX_HEADER = YES;
				GCC_PREFIX_HEADER = "PhoneFlip/PhoneFlip-Prefix.pch";
				INFOPLIST_FILE = "PhoneFlip/PhoneFlip-Info.plist";
				PRODUCT_NAME = "$(TARGET_NAME)";
				WRAPPER_EXTENSION = app;
			};
			name = Release;
		};
/* End XCBuildConfiguration section */

/* Begin XCConfigurationList section */
		46DE638116F6BD8200543B3C /* Build configuration list for PBXProject "PhoneFlip" */ = {
			isa = XCConfigurationList;
			buildConfigurations = (
				46DE63A916F6BD8300543B3C /* Debug */,
				46DE63AA16F6BD8300543B3C /* Release */,
			);
			defaultConfigurationIsVisible = 0;
			defaultConfigurationName = Release;
		};
		46DE63AB16F6BD8300543B3C /* Build configuration list for PBXNativeTarget "PhoneFlip" */ = {
			isa = XCConfigurationList;
			buildConfigurations = (
				46DE63AC16F6BD8300543B3C /* Debug */,
				46DE63AD16F6BD8300543B3C /* Release */,
			);
			defaultConfigurationIsVisible = 0;
		};
/* End XCConfigurationList section */
	};
	rootObject = 46DE637E16F6BD8200543B3C /* Project object */;
}
